filippo.io/edwards25519 v1.1.0 h1:FNf4tywRC1HmFuKW5xopWpigGjJKiJSV0Cqo0cJWDaA=
filippo.io/edwards25519 v1.1.0/go.mod h1:BxyFTGdWcka3PhytdK4V28tE5sGfRvvvRV7EaN4VDT4=
github.com/go-sql-driver/mysql v1.8.0 h1:UtktXaU2Nb64z/pLiGIxY4431SJ4/dR5cjMmlVHgnT4=
github.com/go-sql-driver/mysql v1.8.0/go.mod h1:wEBSXgmK//2ZFJyE+qWnIsVGmvmEKlqwuVSjsCm7DZg=
github.com/yodalis/golang/6-banco-de-dados/desafio/server v0.0.0-20240310205129-48d0a0a7509f h1:ZTSoOpIQOXkaZVjEss8/NW2Ookdea5Q+7dDGrHP3uxI=
github.com/yodalis/golang/6-banco-de-dados/desafio/server v0.0.0-20240310205129-48d0a0a7509f/go.mod h1:dRD2+23FuFXOMQ9pEFbn/Sqsrk6SSv8YG1trqmquLEA=
